# This is a Gradle generated file for dependency locking.
# Manual edits can break the build and are not advised.
# This file is expected to be part of source control.
org.scala-lang.modules:scala-xml_3:2.4.0=compileClasspath,runtimeClasspath
org.scala-lang:scala-library:2.13.16=compileClasspath,runtimeClasspath
org.scala-lang:scala3-library_3:3.3.6=compileClasspath,runtimeClasspath
empty=
