# This is a Gradle generated file for dependency locking.
# Manual edits can break the build and are not advised.
# This file is expected to be part of source control.
xerces:xercesImpl:2.12.2=compileClasspath,runtimeClasspath
xml-apis:xml-apis:1.4.01=compileClasspath,runtimeClasspath
xom:xom:1.4.1=compileClasspath,runtimeClasspath
empty=
