# This is a Gradle generated file for dependency locking.
# Manual edits can break the build and are not advised.
# This file is expected to be part of source control.
# To regenerate this file, run: ./gradlew :xpath-to-xml-dom4j:dependencies --write-locks
org.dom4j:dom4j:2.2.0=compileClasspath,runtimeClasspath
empty=
